
Microsoft Visual Studio Solution File, Format Version 12.00
# Visual Studio Version 16
VisualStudioVersion = 16.0.33328.57
MinimumVisualStudioVersion = 10.0.40219.1
Project("{FAE04EC0-301F-11D3-BF4B-00C04F79EFBC}") = "DivyangPortalWeb", "DivyangPortalWeb.csproj", "{39A0BDFA-2327-48CB-B246-134734EC0764}"
EndProject
Global
	GlobalSection(SolutionConfigurationPlatforms) = preSolution
		Debug|Any CPU = Debug|Any CPU
		Release|Any CPU = Release|Any CPU
	EndGlobalSection
	GlobalSection(ProjectConfigurationPlatforms) = postSolution
		{39A0BDFA-2327-48CB-B246-134734EC0764}.Debug|Any CPU.ActiveCfg = Debug|Any CPU
		{39A0BDFA-2327-48CB-B246-134734EC0764}.Debug|Any CPU.Build.0 = Debug|Any CPU
		{39A0BDFA-2327-48CB-B246-134734EC0764}.Release|Any CPU.ActiveCfg = Release|Any CPU
		{39A0BDFA-2327-48CB-B246-134734EC0764}.Release|Any CPU.Build.0 = Release|Any CPU
	EndGlobalSection
	GlobalSection(SolutionProperties) = preSolution
		HideSolutionNode = FALSE
	EndGlobalSection
	GlobalSection(ExtensibilityGlobals) = postSolution
		SolutionGuid = {483BB10A-3276-4314-81B8-769DA6E54A2C}
	EndGlobalSection
EndGlobal
